
Microsoft Visual Studio Solution File, Format Version 12.00
# Visual Studio Version 16
VisualStudioVersion = 16.0.31105.61
MinimumVisualStudioVersion = 10.0.40219.1
Project("{00D1A9C2-B5F0-4AF3-8072-F6C62B433612}") = "DatabaseMereImage", "DatabaseMereImage.sqlproj", "{57779CF7-1ED8-46CB-9A61-428625D293EF}"
EndProject
Global
	GlobalSection(SolutionConfigurationPlatforms) = preSolution
		Debug|Any CPU = Debug|Any CPU
		Release|Any CPU = Release|Any CPU
	EndGlobalSection
	GlobalSection(ProjectConfigurationPlatforms) = postSolution
		{57779CF7-1ED8-46CB-9A61-428625D293EF}.Debug|Any CPU.ActiveCfg = Debug|Any CPU
		{57779CF7-1ED8-46CB-9A61-428625D293EF}.Debug|Any CPU.Build.0 = Debug|Any CPU
		{57779CF7-1ED8-46CB-9A61-428625D293EF}.Debug|Any CPU.Deploy.0 = Debug|Any CPU
		{57779CF7-1ED8-46CB-9A61-428625D293EF}.Release|Any CPU.ActiveCfg = Release|Any CPU
		{57779CF7-1ED8-46CB-9A61-428625D293EF}.Release|Any CPU.Build.0 = Release|Any CPU
		{57779CF7-1ED8-46CB-9A61-428625D293EF}.Release|Any CPU.Deploy.0 = Release|Any CPU
	EndGlobalSection
	GlobalSection(SolutionProperties) = preSolution
		HideSolutionNode = FALSE
	EndGlobalSection
	GlobalSection(ExtensibilityGlobals) = postSolution
		SolutionGuid = {14C65EC7-E11D-4138-8810-479464D46951}
	EndGlobalSection
EndGlobal
